// !$*UTF8*$!
{
	archiveVersion = 1;
	classes = {
	};
	objectVersion = 56;
	objects = {

/* Begin PBXBuildFile section */
		A10001 /* FloatingWindowApp.swift in Sources */ = {isa = PBXBuildFile; fileRef = B10001; };
		A10002 /* FloatingPanel.swift in Sources */ = {isa = PBXBuildFile; fileRef = B10002; };
		A10003 /* FloatingPanelController.swift in Sources */ = {isa = PBXBuildFile; fileRef = B10003; };
		A10004 /* ImageContentView.swift in Sources */ = {isa = PBXBuildFile; fileRef = B10004; };
		A10005 /* MenuBarView.swift in Sources */ = {isa = PBXBuildFile; fileRef = B10005; };
		A10006 /* Assets.xcassets in Resources */ = {isa = PBXBuildFile; fileRef = B10006; };
		A10007 /* AppState.swift in Sources */ = {isa = PBXBuildFile; fileRef = B10007; };
		A10008 /* SettingsStore.swift in Sources */ = {isa = PBXBuildFile; fileRef = B10008; };
		A10009 /* SlideshowManager.swift in Sources */ = {isa = PBXBuildFile; fileRef = B10009; };
		A10010 /* ExtensionProtocol.swift in Sources */ = {isa = PBXBuildFile; fileRef = B10010; };
		A10011 /* ExtensionManager.swift in Sources */ = {isa = PBXBuildFile; fileRef = B10011; };
		A10012 /* PomodoroState.swift in Sources */ = {isa = PBXBuildFile; fileRef = B10012; };
		A10013 /* PomodoroView.swift in Sources */ = {isa = PBXBuildFile; fileRef = B10013; };
		A10014 /* PomodoroExtension.swift in Sources */ = {isa = PBXBuildFile; fileRef = B10014; };
		A10015 /* TaskItem.swift in Sources */ = {isa = PBXBuildFile; fileRef = B10015; };
		A10016 /* TaskListView.swift in Sources */ = {isa = PBXBuildFile; fileRef = B10016; };
		A10017 /* TaskListExtension.swift in Sources */ = {isa = PBXBuildFile; fileRef = B10017; };
		A20001 /* SlideshowManagerTests.swift in Sources */ = {isa = PBXBuildFile; fileRef = B20001; };
		A20002 /* SettingsStoreTests.swift in Sources */ = {isa = PBXBuildFile; fileRef = B20002; };
		A20003 /* AppStateTests.swift in Sources */ = {isa = PBXBuildFile; fileRef = B20003; };
		A20004 /* PomodoroStateTests.swift in Sources */ = {isa = PBXBuildFile; fileRef = B20004; };
		A20005 /* TaskListStateTests.swift in Sources */ = {isa = PBXBuildFile; fileRef = B20005; };
/* End PBXBuildFile section */

/* Begin PBXContainerItemProxy section */
		H10001 /* PBXContainerItemProxy */ = {
			isa = PBXContainerItemProxy;
			containerPortal = F10004 /* Project object */;
			proxyType = 1;
			remoteGlobalIDString = F10001;
			remoteInfo = FloatingWindow;
		};
/* End PBXContainerItemProxy section */

/* Begin PBXFileReference section */
		B10001 /* FloatingWindowApp.swift */ = {isa = PBXFileReference; lastKnownFileType = sourcecode.swift; path = FloatingWindowApp.swift; sourceTree = "<group>"; };
		B10002 /* FloatingPanel.swift */ = {isa = PBXFileReference; lastKnownFileType = sourcecode.swift; path = FloatingPanel.swift; sourceTree = "<group>"; };
		B10003 /* FloatingPanelController.swift */ = {isa = PBXFileReference; lastKnownFileType = sourcecode.swift; path = FloatingPanelController.swift; sourceTree = "<group>"; };
		B10004 /* ImageContentView.swift */ = {isa = PBXFileReference; lastKnownFileType = sourcecode.swift; path = ImageContentView.swift; sourceTree = "<group>"; };
		B10005 /* MenuBarView.swift */ = {isa = PBXFileReference; lastKnownFileType = sourcecode.swift; path = MenuBarView.swift; sourceTree = "<group>"; };
		B10006 /* Assets.xcassets */ = {isa = PBXFileReference; lastKnownFileType = folder.assetcatalog; path = Assets.xcassets; sourceTree = "<group>"; };
		C10001 /* FloatingWindow.app */ = {isa = PBXFileReference; explicitFileType = wrapper.application; includeInIndex = 0; path = FloatingWindow.app; sourceTree = BUILT_PRODUCTS_DIR; };
		B10007 /* AppState.swift */ = {isa = PBXFileReference; lastKnownFileType = sourcecode.swift; path = AppState.swift; sourceTree = "<group>"; };
		B10008 /* SettingsStore.swift */ = {isa = PBXFileReference; lastKnownFileType = sourcecode.swift; path = SettingsStore.swift; sourceTree = "<group>"; };
		B10009 /* SlideshowManager.swift */ = {isa = PBXFileReference; lastKnownFileType = sourcecode.swift; path = SlideshowManager.swift; sourceTree = "<group>"; };
		B10010 /* ExtensionProtocol.swift */ = {isa = PBXFileReference; lastKnownFileType = sourcecode.swift; path = ExtensionProtocol.swift; sourceTree = "<group>"; };
		B10011 /* ExtensionManager.swift */ = {isa = PBXFileReference; lastKnownFileType = sourcecode.swift; path = ExtensionManager.swift; sourceTree = "<group>"; };
		B10012 /* PomodoroState.swift */ = {isa = PBXFileReference; lastKnownFileType = sourcecode.swift; path = PomodoroState.swift; sourceTree = "<group>"; };
		B10013 /* PomodoroView.swift */ = {isa = PBXFileReference; lastKnownFileType = sourcecode.swift; path = PomodoroView.swift; sourceTree = "<group>"; };
		B10014 /* PomodoroExtension.swift */ = {isa = PBXFileReference; lastKnownFileType = sourcecode.swift; path = PomodoroExtension.swift; sourceTree = "<group>"; };
		B10015 /* TaskItem.swift */ = {isa = PBXFileReference; lastKnownFileType = sourcecode.swift; path = TaskItem.swift; sourceTree = "<group>"; };
		B10016 /* TaskListView.swift */ = {isa = PBXFileReference; lastKnownFileType = sourcecode.swift; path = TaskListView.swift; sourceTree = "<group>"; };
		B10017 /* TaskListExtension.swift */ = {isa = PBXFileReference; lastKnownFileType = sourcecode.swift; path = TaskListExtension.swift; sourceTree = "<group>"; };
		B20001 /* SlideshowManagerTests.swift */ = {isa = PBXFileReference; lastKnownFileType = sourcecode.swift; path = SlideshowManagerTests.swift; sourceTree = "<group>"; };
		B20002 /* SettingsStoreTests.swift */ = {isa = PBXFileReference; lastKnownFileType = sourcecode.swift; path = SettingsStoreTests.swift; sourceTree = "<group>"; };
		B20003 /* AppStateTests.swift */ = {isa = PBXFileReference; lastKnownFileType = sourcecode.swift; path = AppStateTests.swift; sourceTree = "<group>"; };
		B20004 /* PomodoroStateTests.swift */ = {isa = PBXFileReference; lastKnownFileType = sourcecode.swift; path = PomodoroStateTests.swift; sourceTree = "<group>"; };
		B20005 /* TaskListStateTests.swift */ = {isa = PBXFileReference; lastKnownFileType = sourcecode.swift; path = TaskListStateTests.swift; sourceTree = "<group>"; };
		C20001 /* FloatingWindowTests.xctest */ = {isa = PBXFileReference; explicitFileType = wrapper.cfbundle; includeInIndex = 0; path = FloatingWindowTests.xctest; sourceTree = BUILT_PRODUCTS_DIR; };
/* End PBXFileReference section */

/* Begin PBXFrameworksBuildPhase section */
		D10001 /* Frameworks */ = {
			isa = PBXFrameworksBuildPhase;
			buildActionMask = 2147483647;
			files = (
			);
			runOnlyForDeploymentPostprocessing = 0;
		};
		D20001 /* Frameworks */ = {
			isa = PBXFrameworksBuildPhase;
			buildActionMask = 2147483647;
			files = (
			);
			runOnlyForDeploymentPostprocessing = 0;
		};
/* End PBXFrameworksBuildPhase section */

/* Begin PBXGroup section */
		E10001 = {
			isa = PBXGroup;
			children = (
				E10002 /* FloatingWindow */,
				E20001 /* FloatingWindowTests */,
				E10006 /* Products */,
			);
			sourceTree = "<group>";
		};
		E10002 /* FloatingWindow */ = {
			isa = PBXGroup;
			children = (
				B10001 /* FloatingWindowApp.swift */,
				E10003 /* Windows */,
				E10004 /* MenuBar */,
				E10005 /* Models */,
				E10007 /* Extensions */,
				E10008 /* Utilities */,
				B10006 /* Assets.xcassets */,
			);
			path = FloatingWindow;
			sourceTree = "<group>";
		};
		E10003 /* Windows */ = {
			isa = PBXGroup;
			children = (
				B10002 /* FloatingPanel.swift */,
				B10003 /* FloatingPanelController.swift */,
				B10004 /* ImageContentView.swift */,
			);
			path = Windows;
			sourceTree = "<group>";
		};
		E10004 /* MenuBar */ = {
			isa = PBXGroup;
			children = (
				B10005 /* MenuBarView.swift */,
			);
			path = MenuBar;
			sourceTree = "<group>";
		};
		E10005 /* Models */ = {
			isa = PBXGroup;
			children = (
				B10007 /* AppState.swift */,
				B10008 /* SettingsStore.swift */,
				B10009 /* SlideshowManager.swift */,
			);
			path = Models;
			sourceTree = "<group>";
		};
		E10006 /* Products */ = {
			isa = PBXGroup;
			children = (
				C10001 /* FloatingWindow.app */,
				C20001 /* FloatingWindowTests.xctest */,
			);
			name = Products;
			sourceTree = "<group>";
		};
		E10007 /* Extensions */ = {
			isa = PBXGroup;
			children = (
				B10010 /* ExtensionProtocol.swift */,
				B10011 /* ExtensionManager.swift */,
				E10009 /* Pomodoro */,
				E10010 /* TaskList */,
			);
			path = Extensions;
			sourceTree = "<group>";
		};
		E10010 /* TaskList */ = {
			isa = PBXGroup;
			children = (
				B10015 /* TaskItem.swift */,
				B10016 /* TaskListView.swift */,
				B10017 /* TaskListExtension.swift */,
			);
			path = TaskList;
			sourceTree = "<group>";
		};
		E10009 /* Pomodoro */ = {
			isa = PBXGroup;
			children = (
				B10012 /* PomodoroState.swift */,
				B10013 /* PomodoroView.swift */,
				B10014 /* PomodoroExtension.swift */,
			);
			path = Pomodoro;
			sourceTree = "<group>";
		};
		E10008 /* Utilities */ = {
			isa = PBXGroup;
			children = (
			);
			path = Utilities;
			sourceTree = "<group>";
		};
		E20001 /* FloatingWindowTests */ = {
			isa = PBXGroup;
			children = (
				B20001 /* SlideshowManagerTests.swift */,
				B20002 /* SettingsStoreTests.swift */,
				B20003 /* AppStateTests.swift */,
				B20004 /* PomodoroStateTests.swift */,
				B20005 /* TaskListStateTests.swift */,
			);
			path = FloatingWindowTests;
			sourceTree = "<group>";
		};
/* End PBXGroup section */

/* Begin PBXNativeTarget section */
		F10001 /* FloatingWindow */ = {
			isa = PBXNativeTarget;
			buildConfigurationList = G10003 /* Build configuration list for PBXNativeTarget "FloatingWindow" */;
			buildPhases = (
				F10002 /* Sources */,
				D10001 /* Frameworks */,
				F10003 /* Resources */,
			);
			buildRules = (
			);
			dependencies = (
			);
			name = FloatingWindow;
			productName = FloatingWindow;
			productReference = C10001 /* FloatingWindow.app */;
			productType = "com.apple.product-type.application";
		};
		F20001 /* FloatingWindowTests */ = {
			isa = PBXNativeTarget;
			buildConfigurationList = G20003 /* Build configuration list for PBXNativeTarget "FloatingWindowTests" */;
			buildPhases = (
				F20002 /* Sources */,
				D20001 /* Frameworks */,
			);
			buildRules = (
			);
			dependencies = (
				H10002 /* PBXTargetDependency */,
			);
			name = FloatingWindowTests;
			productName = FloatingWindowTests;
			productReference = C20001 /* FloatingWindowTests.xctest */;
			productType = "com.apple.product-type.bundle.unit-test";
		};
/* End PBXNativeTarget section */

/* Begin PBXProject section */
		F10004 /* Project object */ = {
			isa = PBXProject;
			attributes = {
				BuildIndependentTargetsInParallel = 1;
				LastSwiftUpdateCheck = 1640;
				LastUpgradeCheck = 1640;
				TargetAttributes = {
					F10001 = {
						CreatedOnToolsVersion = 16.4;
					};
					F20001 = {
						CreatedOnToolsVersion = 16.4;
						TestTargetID = F10001;
					};
				};
			};
			buildConfigurationList = G10001 /* Build configuration list for PBXProject "FloatingWindow" */;
			compatibilityVersion = "Xcode 14.0";
			developmentRegion = en;
			hasScannedForEncodings = 0;
			knownRegions = (
				en,
				Base,
			);
			mainGroup = E10001;
			productRefGroup = E10006 /* Products */;
			projectDirPath = "";
			projectRoot = "";
			targets = (
				F10001 /* FloatingWindow */,
				F20001 /* FloatingWindowTests */,
			);
		};
/* End PBXProject section */

/* Begin PBXResourcesBuildPhase section */
		F10003 /* Resources */ = {
			isa = PBXResourcesBuildPhase;
			buildActionMask = 2147483647;
			files = (
				A10006 /* Assets.xcassets in Resources */,
			);
			runOnlyForDeploymentPostprocessing = 0;
		};
/* End PBXResourcesBuildPhase section */

/* Begin PBXSourcesBuildPhase section */
		F10002 /* Sources */ = {
			isa = PBXSourcesBuildPhase;
			buildActionMask = 2147483647;
			files = (
				A10001 /* FloatingWindowApp.swift in Sources */,
				A10002 /* FloatingPanel.swift in Sources */,
				A10003 /* FloatingPanelController.swift in Sources */,
				A10004 /* ImageContentView.swift in Sources */,
				A10005 /* MenuBarView.swift in Sources */,
				A10007 /* AppState.swift in Sources */,
				A10008 /* SettingsStore.swift in Sources */,
				A10009 /* SlideshowManager.swift in Sources */,
				A10010 /* ExtensionProtocol.swift in Sources */,
				A10011 /* ExtensionManager.swift in Sources */,
				A10012 /* PomodoroState.swift in Sources */,
				A10013 /* PomodoroView.swift in Sources */,
				A10014 /* PomodoroExtension.swift in Sources */,
				A10015 /* TaskItem.swift in Sources */,
				A10016 /* TaskListView.swift in Sources */,
				A10017 /* TaskListExtension.swift in Sources */,
			);
			runOnlyForDeploymentPostprocessing = 0;
		};
		F20002 /* Sources */ = {
			isa = PBXSourcesBuildPhase;
			buildActionMask = 2147483647;
			files = (
				A20001 /* SlideshowManagerTests.swift in Sources */,
				A20002 /* SettingsStoreTests.swift in Sources */,
				A20003 /* AppStateTests.swift in Sources */,
				A20004 /* PomodoroStateTests.swift in Sources */,
				A20005 /* TaskListStateTests.swift in Sources */,
			);
			runOnlyForDeploymentPostprocessing = 0;
		};
/* End PBXSourcesBuildPhase section */

/* Begin PBXTargetDependency section */
		H10002 /* PBXTargetDependency */ = {
			isa = PBXTargetDependency;
			target = F10001 /* FloatingWindow */;
			targetProxy = H10001 /* PBXContainerItemProxy */;
		};
/* End PBXTargetDependency section */

/* Begin XCBuildConfiguration section */
		G10002 /* Debug */ = {
			isa = XCBuildConfiguration;
			buildSettings = {
				ALWAYS_SEARCH_USER_PATHS = NO;
				ASSETCATALOG_COMPILER_GENERATE_SWIFT_ASSET_SYMBOL_EXTENSIONS = YES;
				CLANG_ANALYZER_NONNULL = YES;
				CLANG_CXX_LANGUAGE_STANDARD = "gnu++20";
				CLANG_ENABLE_MODULES = YES;
				CLANG_ENABLE_OBJC_ARC = YES;
				COPY_PHASE_STRIP = NO;
				DEBUG_INFORMATION_FORMAT = dwarf;
				ENABLE_STRICT_OBJC_MSGSEND = YES;
				ENABLE_TESTABILITY = YES;
				GCC_DYNAMIC_NO_PIC = NO;
				GCC_OPTIMIZATION_LEVEL = 0;
				GCC_PREPROCESSOR_DEFINITIONS = (
					"DEBUG=1",
					"$(inherited)",
				);
				GCC_WARN_ABOUT_RETURN_TYPE = YES_ERROR;
				GCC_WARN_UNINITIALIZED_AUTOS = YES_AGGRESSIVE;
				MACOSX_DEPLOYMENT_TARGET = 15.0;
				MTL_ENABLE_DEBUG_INFO = INCLUDE_SOURCE;
				ONLY_ACTIVE_ARCH = YES;
				SDKROOT = macosx;
				SWIFT_ACTIVE_COMPILATION_CONDITIONS = "$(inherited) DEBUG";
				SWIFT_OPTIMIZATION_LEVEL = "-Onone";
			};
			name = Debug;
		};
		G10005 /* Release */ = {
			isa = XCBuildConfiguration;
			buildSettings = {
				ALWAYS_SEARCH_USER_PATHS = NO;
				ASSETCATALOG_COMPILER_GENERATE_SWIFT_ASSET_SYMBOL_EXTENSIONS = YES;
				CLANG_ANALYZER_NONNULL = YES;
				CLANG_CXX_LANGUAGE_STANDARD = "gnu++20";
				CLANG_ENABLE_MODULES = YES;
				CLANG_ENABLE_OBJC_ARC = YES;
				COPY_PHASE_STRIP = NO;
				DEBUG_INFORMATION_FORMAT = "dwarf-with-dsym";
				ENABLE_NS_ASSERTIONS = NO;
				ENABLE_STRICT_OBJC_MSGSEND = YES;
				GCC_WARN_ABOUT_RETURN_TYPE = YES_ERROR;
				GCC_WARN_UNINITIALIZED_AUTOS = YES_AGGRESSIVE;
				MACOSX_DEPLOYMENT_TARGET = 15.0;
				SDKROOT = macosx;
				SWIFT_COMPILATION_MODE = wholemodule;
			};
			name = Release;
		};
		G10004 /* Debug */ = {
			isa = XCBuildConfiguration;
			buildSettings = {
				ASSETCATALOG_COMPILER_APPICON_NAME = AppIcon;
				CODE_SIGN_ENTITLEMENTS = "";
				CODE_SIGN_STYLE = Automatic;
				COMBINE_HIDPI_IMAGES = YES;
				CURRENT_PROJECT_VERSION = 1;
				GENERATE_INFOPLIST_FILE = YES;
				INFOPLIST_FILE = "";
				INFOPLIST_KEY_LSUIElement = YES;
				INFOPLIST_KEY_NSHumanReadableCopyright = "";
				MARKETING_VERSION = 1.0;
				PRODUCT_BUNDLE_IDENTIFIER = com.floatingwindow.app;
				PRODUCT_NAME = "$(TARGET_NAME)";
				SWIFT_EMIT_LOC_STRINGS = YES;
				SWIFT_VERSION = 5.0;
			};
			name = Debug;
		};
		G10006 /* Release */ = {
			isa = XCBuildConfiguration;
			buildSettings = {
				ASSETCATALOG_COMPILER_APPICON_NAME = AppIcon;
				CODE_SIGN_ENTITLEMENTS = "";
				CODE_SIGN_STYLE = Automatic;
				COMBINE_HIDPI_IMAGES = YES;
				CURRENT_PROJECT_VERSION = 1;
				GENERATE_INFOPLIST_FILE = YES;
				INFOPLIST_FILE = "";
				INFOPLIST_KEY_LSUIElement = YES;
				INFOPLIST_KEY_NSHumanReadableCopyright = "";
				MARKETING_VERSION = 1.0;
				PRODUCT_BUNDLE_IDENTIFIER = com.floatingwindow.app;
				PRODUCT_NAME = "$(TARGET_NAME)";
				SWIFT_EMIT_LOC_STRINGS = YES;
				SWIFT_VERSION = 5.0;
			};
			name = Release;
		};
		G20001 /* Debug */ = {
			isa = XCBuildConfiguration;
			buildSettings = {
				BUNDLE_LOADER = "$(TEST_HOST)";
				CODE_SIGN_STYLE = Automatic;
				CURRENT_PROJECT_VERSION = 1;
				GENERATE_INFOPLIST_FILE = YES;
				MARKETING_VERSION = 1.0;
				PRODUCT_BUNDLE_IDENTIFIER = com.floatingwindow.tests;
				PRODUCT_NAME = "$(TARGET_NAME)";
				SWIFT_EMIT_LOC_STRINGS = NO;
				SWIFT_VERSION = 5.0;
				TEST_HOST = "$(BUILT_PRODUCTS_DIR)/FloatingWindow.app/Contents/MacOS/FloatingWindow";
			};
			name = Debug;
		};
		G20002 /* Release */ = {
			isa = XCBuildConfiguration;
			buildSettings = {
				BUNDLE_LOADER = "$(TEST_HOST)";
				CODE_SIGN_STYLE = Automatic;
				CURRENT_PROJECT_VERSION = 1;
				GENERATE_INFOPLIST_FILE = YES;
				MARKETING_VERSION = 1.0;
				PRODUCT_BUNDLE_IDENTIFIER = com.floatingwindow.tests;
				PRODUCT_NAME = "$(TARGET_NAME)";
				SWIFT_EMIT_LOC_STRINGS = NO;
				SWIFT_VERSION = 5.0;
				TEST_HOST = "$(BUILT_PRODUCTS_DIR)/FloatingWindow.app/Contents/MacOS/FloatingWindow";
			};
			name = Release;
		};
/* End XCBuildConfiguration section */

/* Begin XCConfigurationList section */
		G10001 /* Build configuration list for PBXProject "FloatingWindow" */ = {
			isa = XCConfigurationList;
			buildConfigurations = (
				G10002 /* Debug */,
				G10005 /* Release */,
			);
			defaultConfigurationIsVisible = 0;
			defaultConfigurationName = Release;
		};
		G10003 /* Build configuration list for PBXNativeTarget "FloatingWindow" */ = {
			isa = XCConfigurationList;
			buildConfigurations = (
				G10004 /* Debug */,
				G10006 /* Release */,
			);
			defaultConfigurationIsVisible = 0;
			defaultConfigurationName = Release;
		};
		G20003 /* Build configuration list for PBXNativeTarget "FloatingWindowTests" */ = {
			isa = XCConfigurationList;
			buildConfigurations = (
				G20001 /* Debug */,
				G20002 /* Release */,
			);
			defaultConfigurationIsVisible = 0;
			defaultConfigurationName = Release;
		};
/* End XCConfigurationList section */

	};
	rootObject = F10004 /* Project object */;
}
